// !$*UTF8*$!
{
	archiveVersion = 1;
	classes = {
	};
	objectVersion = 50;
	objects = {

/* Begin PBXBuildFile section */
		F2FD6CF8238A74DC00FDF5BF /* AppDelegate.swift in Sources */ = {isa = PBXBuildFile; fileRef = F2FD6CF7238A74DC00FDF5BF /* AppDelegate.swift */; };
		F2FD6CFA238A74DC00FDF5BF /* SceneDelegate.swift in Sources */ = {isa = PBXBuildFile; fileRef = F2FD6CF9238A74DC00FDF5BF /* SceneDelegate.swift */; };
		F2FD6CFC238A74DC00FDF5BF /* ViewController.swift in Sources */ = {isa = PBXBuildFile; fileRef = F2FD6CFB238A74DC00FDF5BF /* ViewController.swift */; };
		F2FD6CFF238A74DC00FDF5BF /* Main.storyboard in Resources */ = {isa = PBXBuildFile; fileRef = F2FD6CFD238A74DC00FDF5BF /* Main.storyboard */; };
		F2FD6D01238A74DD00FDF5BF /* Assets.xcassets in Resources */ = {isa = PBXBuildFile; fileRef = F2FD6D00238A74DD00FDF5BF /* Assets.xcassets */; };
		F2FD6D04238A74DD00FDF5BF /* LaunchScreen.storyboard in Resources */ = {isa = PBXBuildFile; fileRef = F2FD6D02238A74DD00FDF5BF /* LaunchScreen.storyboard */; };
/* End PBXBuildFile section */

/* Begin PBXFileReference section */
		F2FD6CF4238A74DC00FDF5BF /* RetirementFunds-Clean.app */ = {isa = PBXFileReference; explicitFileType = wrapper.application; includeInIndex = 0; path = "RetirementFunds-Clean.app"; sourceTree = BUILT_PRODUCTS_DIR; };
		F2FD6CF7238A74DC00FDF5BF /* AppDelegate.swift */ = {isa = PBXFileReference; lastKnownFileType = sourcecode.swift; path = AppDelegate.swift; sourceTree = "<group>"; };
		F2FD6CF9238A74DC00FDF5BF /* SceneDelegate.swift */ = {isa = PBXFileReference; lastKnownFileType = sourcecode.swift; path = SceneDelegate.swift; sourceTree = "<group>"; };
		F2FD6CFB238A74DC00FDF5BF /* ViewController.swift */ = {isa = PBXFileReference; lastKnownFileType = sourcecode.swift; path = ViewController.swift; sourceTree = "<group>"; };
		F2FD6CFE238A74DC00FDF5BF /* Base */ = {isa = PBXFileReference; lastKnownFileType = file.storyboard; name = Base; path = Base.lproj/Main.storyboard; sourceTree = "<group>"; };
		F2FD6D00238A74DD00FDF5BF /* Assets.xcassets */ = {isa = PBXFileReference; lastKnownFileType = folder.assetcatalog; path = Assets.xcassets; sourceTree = "<group>"; };
		F2FD6D03238A74DD00FDF5BF /* Base */ = {isa = PBXFileReference; lastKnownFileType = file.storyboard; name = Base; path = Base.lproj/LaunchScreen.storyboard; sourceTree = "<group>"; };
		F2FD6D05238A74DD00FDF5BF /* Info.plist */ = {isa = PBXFileReference; lastKnownFileType = text.plist.xml; path = Info.plist; sourceTree = "<group>"; };
/* End PBXFileReference section */

/* Begin PBXFrameworksBuildPhase section */
		F2FD6CF1238A74DC00FDF5BF /* Frameworks */ = {
			isa = PBXFrameworksBuildPhase;
			buildActionMask = 2147483647;
			files = (
			);
			runOnlyForDeploymentPostprocessing = 0;
		};
/* End PBXFrameworksBuildPhase section */

/* Begin PBXGroup section */
		F2FD6CEB238A74DC00FDF5BF = {
			isa = PBXGroup;
			children = (
				F2FD6CF6238A74DC00FDF5BF /* RetirementFunds-Clean */,
				F2FD6CF5238A74DC00FDF5BF /* Products */,
			);
			sourceTree = "<group>";
		};
		F2FD6CF5238A74DC00FDF5BF /* Products */ = {
			isa = PBXGroup;
			children = (
				F2FD6CF4238A74DC00FDF5BF /* RetirementFunds-Clean.app */,
			);
			name = Products;
			sourceTree = "<group>";
		};
		F2FD6CF6238A74DC00FDF5BF /* RetirementFunds-Clean */ = {
			isa = PBXGroup;
			children = (
				F2FD6CF7238A74DC00FDF5BF /* AppDelegate.swift */,
				F2FD6CF9238A74DC00FDF5BF /* SceneDelegate.swift */,
				F2FD6CFB238A74DC00FDF5BF /* ViewController.swift */,
				F2FD6CFD238A74DC00FDF5BF /* Main.storyboard */,
				F2FD6D00238A74DD00FDF5BF /* Assets.xcassets */,
				F2FD6D02238A74DD00FDF5BF /* LaunchScreen.storyboard */,
				F2FD6D05238A74DD00FDF5BF /* Info.plist */,
			);
			path = "RetirementFunds-Clean";
			sourceTree = "<group>";
		};
/* End PBXGroup section */

/* Begin PBXNativeTarget section */
		F2FD6CF3238A74DC00FDF5BF /* RetirementFunds-Clean */ = {
			isa = PBXNativeTarget;
			buildConfigurationList = F2FD6D08238A74DD00FDF5BF /* Build configuration list for PBXNativeTarget "RetirementFunds-Clean" */;
			buildPhases = (
				F2FD6CF0238A74DC00FDF5BF /* Sources */,
				F2FD6CF1238A74DC00FDF5BF /* Frameworks */,
				F2FD6CF2238A74DC00FDF5BF /* Resources */,
			);
			buildRules = (
			);
			dependencies = (
			);
			name = "RetirementFunds-Clean";
			productName = "RetirementFunds-Clean";
			productReference = F2FD6CF4238A74DC00FDF5BF /* RetirementFunds-Clean.app */;
			productType = "com.apple.product-type.application";
		};
/* End PBXNativeTarget section */

/* Begin PBXProject section */
		F2FD6CEC238A74DC00FDF5BF /* Project object */ = {
			isa = PBXProject;
			attributes = {
				LastSwiftUpdateCheck = 1110;
				LastUpgradeCheck = 1110;
				ORGANIZATIONNAME = "Jan Borowski";
				TargetAttributes = {
					F2FD6CF3238A74DC00FDF5BF = {
						CreatedOnToolsVersion = 11.1;
					};
				};
			};
			buildConfigurationList = F2FD6CEF238A74DC00FDF5BF /* Build configuration list for PBXProject "RetirementFunds-Clean" */;
			compatibilityVersion = "Xcode 9.3";
			developmentRegion = en;
			hasScannedForEncodings = 0;
			knownRegions = (
				en,
				Base,
			);
			mainGroup = F2FD6CEB238A74DC00FDF5BF;
			productRefGroup = F2FD6CF5238A74DC00FDF5BF /* Products */;
			projectDirPath = "";
			projectRoot = "";
			targets = (
				F2FD6CF3238A74DC00FDF5BF /* RetirementFunds-Clean */,
			);
		};
/* End PBXProject section */

/* Begin PBXResourcesBuildPhase section */
		F2FD6CF2238A74DC00FDF5BF /* Resources */ = {
			isa = PBXResourcesBuildPhase;
			buildActionMask = 2147483647;
			files = (
				F2FD6D04238A74DD00FDF5BF /* LaunchScreen.storyboard in Resources */,
				F2FD6D01238A74DD00FDF5BF /* Assets.xcassets in Resources */,
				F2FD6CFF238A74DC00FDF5BF /* Main.storyboard in Resources */,
			);
			runOnlyForDeploymentPostprocessing = 0;
		};
/* End PBXResourcesBuildPhase section */

/* Begin PBXSourcesBuildPhase section */
		F2FD6CF0238A74DC00FDF5BF /* Sources */ = {
			isa = PBXSourcesBuildPhase;
			buildActionMask = 2147483647;
			files = (
				F2FD6CFC238A74DC00FDF5BF /* ViewController.swift in Sources */,
				F2FD6CF8238A74DC00FDF5BF /* AppDelegate.swift in Sources */,
				F2FD6CFA238A74DC00FDF5BF /* SceneDelegate.swift in Sources */,
			);
			runOnlyForDeploymentPostprocessing = 0;
		};
/* End PBXSourcesBuildPhase section */

/* Begin PBXVariantGroup section */
		F2FD6CFD238A74DC00FDF5BF /* Main.storyboard */ = {
			isa = PBXVariantGroup;
			children = (
				F2FD6CFE238A74DC00FDF5BF /* Base */,
			);
			name = Main.storyboard;
			sourceTree = "<group>";
		};
		F2FD6D02238A74DD00FDF5BF /* LaunchScreen.storyboard */ = {
			isa = PBXVariantGroup;
			children = (
				F2FD6D03238A74DD00FDF5BF /* Base */,
			);
			name = LaunchScreen.storyboard;
			sourceTree = "<group>";
		};
/* End PBXVariantGroup section */

/* Begin XCBuildConfiguration section */
		F2FD6D06238A74DD00FDF5BF /* Debug */ = {
			isa = XCBuildConfiguration;
			buildSettings = {
				ALWAYS_SEARCH_USER_PATHS = NO;
				CLANG_ANALYZER_NONNULL = YES;
				CLANG_ANALYZER_NUMBER_OBJECT_CONVERSION = YES_AGGRESSIVE;
				CLANG_CXX_LANGUAGE_STANDARD = "gnu++14";
				CLANG_CXX_LIBRARY = "libc++";
				CLANG_ENABLE_MODULES = YES;
				CLANG_ENABLE_OBJC_ARC = YES;
				CLANG_ENABLE_OBJC_WEAK = YES;
				CLANG_WARN_BLOCK_CAPTURE_AUTORELEASING = YES;
				CLANG_WARN_BOOL_CONVERSION = YES;
				CLANG_WARN_COMMA = YES;
				CLANG_WARN_CONSTANT_CONVERSION = YES;
				CLANG_WARN_DEPRECATED_OBJC_IMPLEMENTATIONS = YES;
				CLANG_WARN_DIRECT_OBJC_ISA_USAGE = YES_ERROR;
				CLANG_WARN_DOCUMENTATION_COMMENTS = YES;
				CLANG_WARN_EMPTY_BODY = YES;
				CLANG_WARN_ENUM_CONVERSION = YES;
				CLANG_WARN_INFINITE_RECURSION = YES;
				CLANG_WARN_INT_CONVERSION = YES;
				CLANG_WARN_NON_LITERAL_NULL_CONVERSION = YES;
				CLANG_WARN_OBJC_IMPLICIT_RETAIN_SELF = YES;
				CLANG_WARN_OBJC_LITERAL_CONVERSION = YES;
				CLANG_WARN_OBJC_ROOT_CLASS = YES_ERROR;
				CLANG_WARN_RANGE_LOOP_ANALYSIS = YES;
				CLANG_WARN_STRICT_PROTOTYPES = YES;
				CLANG_WARN_SUSPICIOUS_MOVE = YES;
				CLANG_WARN_UNGUARDED_AVAILABILITY = YES_AGGRESSIVE;
				CLANG_WARN_UNREACHABLE_CODE = YES;
				CLANG_WARN__DUPLICATE_METHOD_MATCH = YES;
				COPY_PHASE_STRIP = NO;
				DEBUG_INFORMATION_FORMAT = dwarf;
				ENABLE_STRICT_OBJC_MSGSEND = YES;
				ENABLE_TESTABILITY = YES;
				GCC_C_LANGUAGE_STANDARD = gnu11;
				GCC_DYNAMIC_NO_PIC = NO;
				GCC_NO_COMMON_BLOCKS = YES;
				GCC_OPTIMIZATION_LEVEL = 0;
				GCC_PREPROCESSOR_DEFINITIONS = (
					"DEBUG=1",
					"$(inherited)",
				);
				GCC_WARN_64_TO_32_BIT_CONVERSION = YES;
				GCC_WARN_ABOUT_RETURN_TYPE = YES_ERROR;
				GCC_WARN_UNDECLARED_SELECTOR = YES;
				GCC_WARN_UNINITIALIZED_AUTOS = YES_AGGRESSIVE;
				GCC_WARN_UNUSED_FUNCTION = YES;
				GCC_WARN_UNUSED_VARIABLE = YES;
				IPHONEOS_DEPLOYMENT_TARGET = 13.1;
				MTL_ENABLE_DEBUG_INFO = INCLUDE_SOURCE;
				MTL_FAST_MATH = YES;
				ONLY_ACTIVE_ARCH = YES;
				SDKROOT = iphoneos;
				SWIFT_ACTIVE_COMPILATION_CONDITIONS = DEBUG;
				SWIFT_OPTIMIZATION_LEVEL = "-Onone";
			};
			name = Debug;
		};
		F2FD6D07238A74DD00FDF5BF /* Release */ = {
			isa = XCBuildConfiguration;
			buildSettings = {
				ALWAYS_SEARCH_USER_PATHS = NO;
				CLANG_ANALYZER_NONNULL = YES;
				CLANG_ANALYZER_NUMBER_OBJECT_CONVERSION = YES_AGGRESSIVE;
				CLANG_CXX_LANGUAGE_STANDARD = "gnu++14";
				CLANG_CXX_LIBRARY = "libc++";
				CLANG_ENABLE_MODULES = YES;
				CLANG_ENABLE_OBJC_ARC = YES;
				CLANG_ENABLE_OBJC_WEAK = YES;
				CLANG_WARN_BLOCK_CAPTURE_AUTORELEASING = YES;
				CLANG_WARN_BOOL_CONVERSION = YES;
				CLANG_WARN_COMMA = YES;
				CLANG_WARN_CONSTANT_CONVERSION = YES;
				CLANG_WARN_DEPRECATED_OBJC_IMPLEMENTATIONS = YES;
				CLANG_WARN_DIRECT_OBJC_ISA_USAGE = YES_ERROR;
				CLANG_WARN_DOCUMENTATION_COMMENTS = YES;
				CLANG_WARN_EMPTY_BODY = YES;
				CLANG_WARN_ENUM_CONVERSION = YES;
				CLANG_WARN_INFINITE_RECURSION = YES;
				CLANG_WARN_INT_CONVERSION = YES;
				CLANG_WARN_NON_LITERAL_NULL_CONVERSION = YES;
				CLANG_WARN_OBJC_IMPLICIT_RETAIN_SELF = YES;
				CLANG_WARN_OBJC_LITERAL_CONVERSION = YES;
				CLANG_WARN_OBJC_ROOT_CLASS = YES_ERROR;
				CLANG_WARN_RANGE_LOOP_ANALYSIS = YES;
				CLANG_WARN_STRICT_PROTOTYPES = YES;
				CLANG_WARN_SUSPICIOUS_MOVE = YES;
				CLANG_WARN_UNGUARDED_AVAILABILITY = YES_AGGRESSIVE;
				CLANG_WARN_UNREACHABLE_CODE = YES;
				CLANG_WARN__DUPLICATE_METHOD_MATCH = YES;
				COPY_PHASE_STRIP = NO;
				DEBUG_INFORMATION_FORMAT = "dwarf-with-dsym";
				ENABLE_NS_ASSERTIONS = NO;
				ENABLE_STRICT_OBJC_MSGSEND = YES;
				GCC_C_LANGUAGE_STANDARD = gnu11;
				GCC_NO_COMMON_BLOCKS = YES;
				GCC_WARN_64_TO_32_BIT_CONVERSION = YES;
				GCC_WARN_ABOUT_RETURN_TYPE = YES_ERROR;
				GCC_WARN_UNDECLARED_SELECTOR = YES;
				GCC_WARN_UNINITIALIZED_AUTOS = YES_AGGRESSIVE;
				GCC_WARN_UNUSED_FUNCTION = YES;
				GCC_WARN_UNUSED_VARIABLE = YES;
				IPHONEOS_DEPLOYMENT_TARGET = 13.1;
				MTL_ENABLE_DEBUG_INFO = NO;
				MTL_FAST_MATH = YES;
				SDKROOT = iphoneos;
				SWIFT_COMPILATION_MODE = wholemodule;
				SWIFT_OPTIMIZATION_LEVEL = "-O";
				VALIDATE_PRODUCT = YES;
			};
			name = Release;
		};
		F2FD6D09238A74DD00FDF5BF /* Debug */ = {
			isa = XCBuildConfiguration;
			buildSettings = {
				ASSETCATALOG_COMPILER_APPICON_NAME = AppIcon;
				CODE_SIGN_STYLE = Automatic;
				DEVELOPMENT_TEAM = "";
				INFOPLIST_FILE = "RetirementFunds-Clean/Info.plist";
				LD_RUNPATH_SEARCH_PATHS = (
					"$(inherited)",
					"@executable_path/Frameworks",
				);
				PRODUCT_BUNDLE_IDENTIFIER = "jb.RetirementFunds-Clean";
				PRODUCT_NAME = "$(TARGET_NAME)";
				SWIFT_VERSION = 5.0;
				TARGETED_DEVICE_FAMILY = "1,2";
			};
			name = Debug;
		};
		F2FD6D0A238A74DD00FDF5BF /* Release */ = {
			isa = XCBuildConfiguration;
			buildSettings = {
				ASSETCATALOG_COMPILER_APPICON_NAME = AppIcon;
				CODE_SIGN_STYLE = Automatic;
				DEVELOPMENT_TEAM = "";
				INFOPLIST_FILE = "RetirementFunds-Clean/Info.plist";
				LD_RUNPATH_SEARCH_PATHS = (
					"$(inherited)",
					"@executable_path/Frameworks",
				);
				PRODUCT_BUNDLE_IDENTIFIER = "jb.RetirementFunds-Clean";
				PRODUCT_NAME = "$(TARGET_NAME)";
				SWIFT_VERSION = 5.0;
				TARGETED_DEVICE_FAMILY = "1,2";
			};
			name = Release;
		};
/* End XCBuildConfiguration section */

/* Begin XCConfigurationList section */
		F2FD6CEF238A74DC00FDF5BF /* Build configuration list for PBXProject "RetirementFunds-Clean" */ = {
			isa = XCConfigurationList;
			buildConfigurations = (
				F2FD6D06238A74DD00FDF5BF /* Debug */,
				F2FD6D07238A74DD00FDF5BF /* Release */,
			);
			defaultConfigurationIsVisible = 0;
			defaultConfigurationName = Release;
		};
		F2FD6D08238A74DD00FDF5BF /* Build configuration list for PBXNativeTarget "RetirementFunds-Clean" */ = {
			isa = XCConfigurationList;
			buildConfigurations = (
				F2FD6D09238A74DD00FDF5BF /* Debug */,
				F2FD6D0A238A74DD00FDF5BF /* Release */,
			);
			defaultConfigurationIsVisible = 0;
			defaultConfigurationName = Release;
		};
/* End XCConfigurationList section */
	};
	rootObject = F2FD6CEC238A74DC00FDF5BF /* Project object */;
}
